
Microsoft Visual Studio Solution File, Format Version 12.00
# Visual Studio Version 17
VisualStudioVersion = 17.5.002.0
MinimumVisualStudioVersion = 10.0.40219.1
Project("{9A19103F-16F7-4668-BE54-9A1E7A4F7556}") = "Learn.MusicMatcher", "Learn.MusicMatcher.csproj", "{622F2DCA-3C64-4AA3-BC37-C85CD4B67140}"
EndProject
Global
	GlobalSection(SolutionConfigurationPlatforms) = preSolution
		Debug|Any CPU = Debug|Any CPU
		Release|Any CPU = Release|Any CPU
	EndGlobalSection
	GlobalSection(ProjectConfigurationPlatforms) = postSolution
		{622F2DCA-3C64-4AA3-BC37-C85CD4B67140}.Debug|Any CPU.ActiveCfg = Debug|Any CPU
		{622F2DCA-3C64-4AA3-BC37-C85CD4B67140}.Debug|Any CPU.Build.0 = Debug|Any CPU
		{622F2DCA-3C64-4AA3-BC37-C85CD4B67140}.Release|Any CPU.ActiveCfg = Release|Any CPU
		{622F2DCA-3C64-4AA3-BC37-C85CD4B67140}.Release|Any CPU.Build.0 = Release|Any CPU
	EndGlobalSection
	GlobalSection(SolutionProperties) = preSolution
		HideSolutionNode = FALSE
	EndGlobalSection
	GlobalSection(ExtensibilityGlobals) = postSolution
		SolutionGuid = {F06DDCDF-36DD-4009-9043-BAB8CEF4601E}
	EndGlobalSection
EndGlobal
